lockfileVersion: '9.0'

settings:
  autoInstallPeers: true
  excludeLinksFromLockfile: false

importers:

  .:
    devDependencies:
      prettier:
        specifier: ^3.0.3
        version: 3.7.3
      tailwindcss:
        specifier: ^4.0.0
        version: 4.1.17

packages:

  prettier@3.7.3:
    resolution: {integrity: sha512-QgODejq9K3OzoBbuyobZlUhznP5SKwPqp+6Q6xw6o8gnhr4O85L2U915iM2IDcfF2NPXVaM9zlo9tdwipnYwzg==}
    engines: {node: '>=14'}
    hasBin: true

  tailwindcss@4.1.17:
    resolution: {integrity: sha512-j9Ee2YjuQqYT9bbRTfTZht9W/ytp5H+jJpZKiYdP/bpnXARAuELt9ofP0lPnmHjbga7SNQIxdTAXCmtKVYjN+Q==}

snapshots:

  prettier@3.7.3: {}

  tailwindcss@4.1.17: {}
